
Microsoft Visual Studio Solution File, Format Version 12.00
# Visual Studio 15
VisualStudioVersion = 15.0.28107.0
MinimumVisualStudioVersion = 10.0.40219.1
Project("{FAE04EC0-301F-11D3-BF4B-00C04F79EFBC}") = "BackgroundQueueProcessor", "BackgroundQueueProcessor\BackgroundQueueProcessor.csproj", "{4F54CB06-C2E0-4555-9F96-87DF61983CA5}"
EndProject
Global
	GlobalSection(SolutionConfigurationPlatforms) = preSolution
		Debug|Any CPU = Debug|Any CPU
		Release|Any CPU = Release|Any CPU
	EndGlobalSection
	GlobalSection(ProjectConfigurationPlatforms) = postSolution
		{4F54CB06-C2E0-4555-9F96-87DF61983CA5}.Debug|Any CPU.ActiveCfg = Debug|Any CPU
		{4F54CB06-C2E0-4555-9F96-87DF61983CA5}.Debug|Any CPU.Build.0 = Debug|Any CPU
		{4F54CB06-C2E0-4555-9F96-87DF61983CA5}.Release|Any CPU.ActiveCfg = Release|Any CPU
		{4F54CB06-C2E0-4555-9F96-87DF61983CA5}.Release|Any CPU.Build.0 = Release|Any CPU
	EndGlobalSection
	GlobalSection(SolutionProperties) = preSolution
		HideSolutionNode = FALSE
	EndGlobalSection
	GlobalSection(ExtensibilityGlobals) = postSolution
		SolutionGuid = {90A3FA35-7E5E-4D6A-996B-C9CF14D5A4A4}
	EndGlobalSection
EndGlobal
